
Microsoft Visual Studio Solution File, Format Version 12.00
# Visual Studio Version 16
VisualStudioVersion = 16.0.29609.76
MinimumVisualStudioVersion = 10.0.40219.1
Project("{9A19103F-16F7-4668-BE54-9A1E7A4F7556}") = "StudiGuideAppService", "StudiGuideAppService\StudiGuideAppService.csproj", "{37D37F0A-D0B6-4FEC-8B83-12323313C206}"
EndProject
Project("{FAE04EC0-301F-11D3-BF4B-00C04F79EFBC}") = "StudiGuideAppService.Test", "StudiGuideAppService.Test\StudiGuideAppService.Test.csproj", "{2B1906A8-B14E-49A6-AFA6-E83FB7E844F1}"
EndProject
Global
	GlobalSection(SolutionConfigurationPlatforms) = preSolution
		Debug|Any CPU = Debug|Any CPU
		Release|Any CPU = Release|Any CPU
	EndGlobalSection
	GlobalSection(ProjectConfigurationPlatforms) = postSolution
		{37D37F0A-D0B6-4FEC-8B83-12323313C206}.Debug|Any CPU.ActiveCfg = Debug|Any CPU
		{37D37F0A-D0B6-4FEC-8B83-12323313C206}.Debug|Any CPU.Build.0 = Debug|Any CPU
		{37D37F0A-D0B6-4FEC-8B83-12323313C206}.Release|Any CPU.ActiveCfg = Release|Any CPU
		{37D37F0A-D0B6-4FEC-8B83-12323313C206}.Release|Any CPU.Build.0 = Release|Any CPU
		{2B1906A8-B14E-49A6-AFA6-E83FB7E844F1}.Debug|Any CPU.ActiveCfg = Debug|Any CPU
		{2B1906A8-B14E-49A6-AFA6-E83FB7E844F1}.Debug|Any CPU.Build.0 = Debug|Any CPU
		{2B1906A8-B14E-49A6-AFA6-E83FB7E844F1}.Release|Any CPU.ActiveCfg = Release|Any CPU
		{2B1906A8-B14E-49A6-AFA6-E83FB7E844F1}.Release|Any CPU.Build.0 = Release|Any CPU
	EndGlobalSection
	GlobalSection(SolutionProperties) = preSolution
		HideSolutionNode = FALSE
	EndGlobalSection
	GlobalSection(ExtensibilityGlobals) = postSolution
		SolutionGuid = {44F5981B-901C-46EE-9302-7148AADF04E9}
	EndGlobalSection
EndGlobal
